
Microsoft Visual Studio Solution File, Format Version 12.00
# Visual Studio Version 16
VisualStudioVersion = 16.0.31025.194
MinimumVisualStudioVersion = 10.0.40219.1
Project("{FAE04EC0-301F-11D3-BF4B-00C04F79EFBC}") = "EMarket", "EMarket\EMarket.csproj", "{30AE9122-69E3-4255-98F7-71B9245238CE}"
EndProject
Global
	GlobalSection(SolutionConfigurationPlatforms) = preSolution
		Debug|Any CPU = Debug|Any CPU
		Release|Any CPU = Release|Any CPU
	EndGlobalSection
	GlobalSection(ProjectConfigurationPlatforms) = postSolution
		{30AE9122-69E3-4255-98F7-71B9245238CE}.Debug|Any CPU.ActiveCfg = Debug|Any CPU
		{30AE9122-69E3-4255-98F7-71B9245238CE}.Debug|Any CPU.Build.0 = Debug|Any CPU
		{30AE9122-69E3-4255-98F7-71B9245238CE}.Release|Any CPU.ActiveCfg = Release|Any CPU
		{30AE9122-69E3-4255-98F7-71B9245238CE}.Release|Any CPU.Build.0 = Release|Any CPU
	EndGlobalSection
	GlobalSection(SolutionProperties) = preSolution
		HideSolutionNode = FALSE
	EndGlobalSection
	GlobalSection(ExtensibilityGlobals) = postSolution
		SolutionGuid = {A7F8145B-3262-4CD3-AE25-8F4AB1CCB752}
	EndGlobalSection
EndGlobal
